// !$*UTF8*$!
{
	archiveVersion = 1;
	classes = {
	};
	objectVersion = 48;
	objects = {

/* Begin PBXBuildFile section */
		26AD3860AE50F9DACDF7D61E /* Pods_CityWeatherAppTests.framework in Frameworks */ = {isa = PBXBuildFile; fileRef = 1DFAEE1F57B7BA90C7B09FFB /* Pods_CityWeatherAppTests.framework */; };
		A82B624037549CCA001CA6BF /* Pods_CityWeatherAppUITests.framework in Frameworks */ = {isa = PBXBuildFile; fileRef = 3B9BA4AD656936CA61282ACA /* Pods_CityWeatherAppUITests.framework */; };
		D33E9D1D1FFD105C000602EA /* ContainerViewController.swift in Sources */ = {isa = PBXBuildFile; fileRef = D33E9D1C1FFD105C000602EA /* ContainerViewController.swift */; };
		D33E9D1F1FFD1084000602EA /* WeatherViewController.swift in Sources */ = {isa = PBXBuildFile; fileRef = D33E9D1E1FFD1084000602EA /* WeatherViewController.swift */; };
		D3B4659C1FFBD8E100E19E59 /* AppDelegate.swift in Sources */ = {isa = PBXBuildFile; fileRef = D3B4659B1FFBD8E100E19E59 /* AppDelegate.swift */; };
		D3B4659E1FFBD8E100E19E59 /* ViewController.swift in Sources */ = {isa = PBXBuildFile; fileRef = D3B4659D1FFBD8E100E19E59 /* ViewController.swift */; };
		D3B465A11FFBD8E100E19E59 /* Main.storyboard in Resources */ = {isa = PBXBuildFile; fileRef = D3B4659F1FFBD8E100E19E59 /* Main.storyboard */; };
		D3B465A31FFBD8E100E19E59 /* Assets.xcassets in Resources */ = {isa = PBXBuildFile; fileRef = D3B465A21FFBD8E100E19E59 /* Assets.xcassets */; };
		D3B465A61FFBD8E100E19E59 /* LaunchScreen.storyboard in Resources */ = {isa = PBXBuildFile; fileRef = D3B465A41FFBD8E100E19E59 /* LaunchScreen.storyboard */; };
		D3B465B11FFBD8E100E19E59 /* CityWeatherAppTests.swift in Sources */ = {isa = PBXBuildFile; fileRef = D3B465B01FFBD8E100E19E59 /* CityWeatherAppTests.swift */; };
		D3B465BC1FFBD8E100E19E59 /* CityWeatherAppUITests.swift in Sources */ = {isa = PBXBuildFile; fileRef = D3B465BB1FFBD8E100E19E59 /* CityWeatherAppUITests.swift */; };
		D3B465CA1FFBDA9300E19E59 /* CityTableViewCell.swift in Sources */ = {isa = PBXBuildFile; fileRef = D3B465C91FFBDA9300E19E59 /* CityTableViewCell.swift */; };
		D3B465CC1FFBDB8C00E19E59 /* City.swift in Sources */ = {isa = PBXBuildFile; fileRef = D3B465CB1FFBDB8C00E19E59 /* City.swift */; };
		D3B465CE1FFBE43600E19E59 /* CitiesViewController.swift in Sources */ = {isa = PBXBuildFile; fileRef = D3B465CD1FFBE43600E19E59 /* CitiesViewController.swift */; };
		EABCBAC1B5107E461A49CC18 /* Pods_CityWeatherApp.framework in Frameworks */ = {isa = PBXBuildFile; fileRef = C53F81F5111094CBBCC0FC09 /* Pods_CityWeatherApp.framework */; };
/* End PBXBuildFile section */

/* Begin PBXContainerItemProxy section */
		D3B465AD1FFBD8E100E19E59 /* PBXContainerItemProxy */ = {
			isa = PBXContainerItemProxy;
			containerPortal = D3B465901FFBD8E100E19E59 /* Project object */;
			proxyType = 1;
			remoteGlobalIDString = D3B465971FFBD8E100E19E59;
			remoteInfo = CityWeatherApp;
		};
		D3B465B81FFBD8E100E19E59 /* PBXContainerItemProxy */ = {
			isa = PBXContainerItemProxy;
			containerPortal = D3B465901FFBD8E100E19E59 /* Project object */;
			proxyType = 1;
			remoteGlobalIDString = D3B465971FFBD8E100E19E59;
			remoteInfo = CityWeatherApp;
		};
/* End PBXContainerItemProxy section */

/* Begin PBXFileReference section */
		1B5A4BCE6EB8FDC573F2D82F /* Pods-CityWeatherAppUITests.release.xcconfig */ = {isa = PBXFileReference; includeInIndex = 1; lastKnownFileType = text.xcconfig; name = "Pods-CityWeatherAppUITests.release.xcconfig"; path = "Pods/Target Support Files/Pods-CityWeatherAppUITests/Pods-CityWeatherAppUITests.release.xcconfig"; sourceTree = "<group>"; };
		1B604F989524E9393B1E396E /* Pods-CityWeatherAppTests.debug.xcconfig */ = {isa = PBXFileReference; includeInIndex = 1; lastKnownFileType = text.xcconfig; name = "Pods-CityWeatherAppTests.debug.xcconfig"; path = "Pods/Target Support Files/Pods-CityWeatherAppTests/Pods-CityWeatherAppTests.debug.xcconfig"; sourceTree = "<group>"; };
		1DFAEE1F57B7BA90C7B09FFB /* Pods_CityWeatherAppTests.framework */ = {isa = PBXFileReference; explicitFileType = wrapper.framework; includeInIndex = 0; path = Pods_CityWeatherAppTests.framework; sourceTree = BUILT_PRODUCTS_DIR; };
		3B9BA4AD656936CA61282ACA /* Pods_CityWeatherAppUITests.framework */ = {isa = PBXFileReference; explicitFileType = wrapper.framework; includeInIndex = 0; path = Pods_CityWeatherAppUITests.framework; sourceTree = BUILT_PRODUCTS_DIR; };
		415399433A696E4D4D0A78AF /* Pods-CityWeatherAppTests.release.xcconfig */ = {isa = PBXFileReference; includeInIndex = 1; lastKnownFileType = text.xcconfig; name = "Pods-CityWeatherAppTests.release.xcconfig"; path = "Pods/Target Support Files/Pods-CityWeatherAppTests/Pods-CityWeatherAppTests.release.xcconfig"; sourceTree = "<group>"; };
		9427D7AC33B90B5FE6D93DF4 /* Pods-CityWeatherApp.debug.xcconfig */ = {isa = PBXFileReference; includeInIndex = 1; lastKnownFileType = text.xcconfig; name = "Pods-CityWeatherApp.debug.xcconfig"; path = "Pods/Target Support Files/Pods-CityWeatherApp/Pods-CityWeatherApp.debug.xcconfig"; sourceTree = "<group>"; };
		B030543123C0593E0843BE8A /* Pods-CityWeatherAppUITests.debug.xcconfig */ = {isa = PBXFileReference; includeInIndex = 1; lastKnownFileType = text.xcconfig; name = "Pods-CityWeatherAppUITests.debug.xcconfig"; path = "Pods/Target Support Files/Pods-CityWeatherAppUITests/Pods-CityWeatherAppUITests.debug.xcconfig"; sourceTree = "<group>"; };
		C53F81F5111094CBBCC0FC09 /* Pods_CityWeatherApp.framework */ = {isa = PBXFileReference; explicitFileType = wrapper.framework; includeInIndex = 0; path = Pods_CityWeatherApp.framework; sourceTree = BUILT_PRODUCTS_DIR; };
		C9D278734C40924806E4E0EB /* Pods-CityWeatherApp.release.xcconfig */ = {isa = PBXFileReference; includeInIndex = 1; lastKnownFileType = text.xcconfig; name = "Pods-CityWeatherApp.release.xcconfig"; path = "Pods/Target Support Files/Pods-CityWeatherApp/Pods-CityWeatherApp.release.xcconfig"; sourceTree = "<group>"; };
		D33E9D1C1FFD105C000602EA /* ContainerViewController.swift */ = {isa = PBXFileReference; lastKnownFileType = sourcecode.swift; path = ContainerViewController.swift; sourceTree = "<group>"; };
		D33E9D1E1FFD1084000602EA /* WeatherViewController.swift */ = {isa = PBXFileReference; lastKnownFileType = sourcecode.swift; path = WeatherViewController.swift; sourceTree = "<group>"; };
		D3B465981FFBD8E100E19E59 /* CityWeatherApp.app */ = {isa = PBXFileReference; explicitFileType = wrapper.application; includeInIndex = 0; path = CityWeatherApp.app; sourceTree = BUILT_PRODUCTS_DIR; };
		D3B4659B1FFBD8E100E19E59 /* AppDelegate.swift */ = {isa = PBXFileReference; lastKnownFileType = sourcecode.swift; path = AppDelegate.swift; sourceTree = "<group>"; };
		D3B4659D1FFBD8E100E19E59 /* ViewController.swift */ = {isa = PBXFileReference; lastKnownFileType = sourcecode.swift; path = ViewController.swift; sourceTree = "<group>"; };
		D3B465A01FFBD8E100E19E59 /* Base */ = {isa = PBXFileReference; lastKnownFileType = file.storyboard; name = Base; path = Base.lproj/Main.storyboard; sourceTree = "<group>"; };
		D3B465A21FFBD8E100E19E59 /* Assets.xcassets */ = {isa = PBXFileReference; lastKnownFileType = folder.assetcatalog; path = Assets.xcassets; sourceTree = "<group>"; };
		D3B465A51FFBD8E100E19E59 /* Base */ = {isa = PBXFileReference; lastKnownFileType = file.storyboard; name = Base; path = Base.lproj/LaunchScreen.storyboard; sourceTree = "<group>"; };
		D3B465A71FFBD8E100E19E59 /* Info.plist */ = {isa = PBXFileReference; lastKnownFileType = text.plist.xml; path = Info.plist; sourceTree = "<group>"; };
		D3B465AC1FFBD8E100E19E59 /* CityWeatherAppTests.xctest */ = {isa = PBXFileReference; explicitFileType = wrapper.cfbundle; includeInIndex = 0; path = CityWeatherAppTests.xctest; sourceTree = BUILT_PRODUCTS_DIR; };
		D3B465B01FFBD8E100E19E59 /* CityWeatherAppTests.swift */ = {isa = PBXFileReference; lastKnownFileType = sourcecode.swift; path = CityWeatherAppTests.swift; sourceTree = "<group>"; };
		D3B465B21FFBD8E100E19E59 /* Info.plist */ = {isa = PBXFileReference; lastKnownFileType = text.plist.xml; path = Info.plist; sourceTree = "<group>"; };
		D3B465B71FFBD8E100E19E59 /* CityWeatherAppUITests.xctest */ = {isa = PBXFileReference; explicitFileType = wrapper.cfbundle; includeInIndex = 0; path = CityWeatherAppUITests.xctest; sourceTree = BUILT_PRODUCTS_DIR; };
		D3B465BB1FFBD8E100E19E59 /* CityWeatherAppUITests.swift */ = {isa = PBXFileReference; lastKnownFileType = sourcecode.swift; path = CityWeatherAppUITests.swift; sourceTree = "<group>"; };
		D3B465BD1FFBD8E100E19E59 /* Info.plist */ = {isa = PBXFileReference; lastKnownFileType = text.plist.xml; path = Info.plist; sourceTree = "<group>"; };
		D3B465C91FFBDA9300E19E59 /* CityTableViewCell.swift */ = {isa = PBXFileReference; lastKnownFileType = sourcecode.swift; path = CityTableViewCell.swift; sourceTree = "<group>"; };
		D3B465CB1FFBDB8C00E19E59 /* City.swift */ = {isa = PBXFileReference; lastKnownFileType = sourcecode.swift; path = City.swift; sourceTree = "<group>"; };
		D3B465CD1FFBE43600E19E59 /* CitiesViewController.swift */ = {isa = PBXFileReference; lastKnownFileType = sourcecode.swift; path = CitiesViewController.swift; sourceTree = "<group>"; };
/* End PBXFileReference section */

/* Begin PBXFrameworksBuildPhase section */
		D3B465951FFBD8E100E19E59 /* Frameworks */ = {
			isa = PBXFrameworksBuildPhase;
			buildActionMask = 2147483647;
			files = (
				EABCBAC1B5107E461A49CC18 /* Pods_CityWeatherApp.framework in Frameworks */,
			);
			runOnlyForDeploymentPostprocessing = 0;
		};
		D3B465A91FFBD8E100E19E59 /* Frameworks */ = {
			isa = PBXFrameworksBuildPhase;
			buildActionMask = 2147483647;
			files = (
				26AD3860AE50F9DACDF7D61E /* Pods_CityWeatherAppTests.framework in Frameworks */,
			);
			runOnlyForDeploymentPostprocessing = 0;
		};
		D3B465B41FFBD8E100E19E59 /* Frameworks */ = {
			isa = PBXFrameworksBuildPhase;
			buildActionMask = 2147483647;
			files = (
				A82B624037549CCA001CA6BF /* Pods_CityWeatherAppUITests.framework in Frameworks */,
			);
			runOnlyForDeploymentPostprocessing = 0;
		};
/* End PBXFrameworksBuildPhase section */

/* Begin PBXGroup section */
		1852C3A970003CCE5DB3C80C /* Pods */ = {
			isa = PBXGroup;
			children = (
				9427D7AC33B90B5FE6D93DF4 /* Pods-CityWeatherApp.debug.xcconfig */,
				C9D278734C40924806E4E0EB /* Pods-CityWeatherApp.release.xcconfig */,
				1B604F989524E9393B1E396E /* Pods-CityWeatherAppTests.debug.xcconfig */,
				415399433A696E4D4D0A78AF /* Pods-CityWeatherAppTests.release.xcconfig */,
				B030543123C0593E0843BE8A /* Pods-CityWeatherAppUITests.debug.xcconfig */,
				1B5A4BCE6EB8FDC573F2D82F /* Pods-CityWeatherAppUITests.release.xcconfig */,
			);
			name = Pods;
			sourceTree = "<group>";
		};
		733434BC2F8285A5F30A6519 /* Frameworks */ = {
			isa = PBXGroup;
			children = (
				C53F81F5111094CBBCC0FC09 /* Pods_CityWeatherApp.framework */,
				1DFAEE1F57B7BA90C7B09FFB /* Pods_CityWeatherAppTests.framework */,
				3B9BA4AD656936CA61282ACA /* Pods_CityWeatherAppUITests.framework */,
			);
			name = Frameworks;
			sourceTree = "<group>";
		};
		D3B4658F1FFBD8E100E19E59 = {
			isa = PBXGroup;
			children = (
				D3B4659A1FFBD8E100E19E59 /* CityWeatherApp */,
				D3B465AF1FFBD8E100E19E59 /* CityWeatherAppTests */,
				D3B465BA1FFBD8E100E19E59 /* CityWeatherAppUITests */,
				D3B465991FFBD8E100E19E59 /* Products */,
				1852C3A970003CCE5DB3C80C /* Pods */,
				733434BC2F8285A5F30A6519 /* Frameworks */,
			);
			sourceTree = "<group>";
		};
		D3B465991FFBD8E100E19E59 /* Products */ = {
			isa = PBXGroup;
			children = (
				D3B465981FFBD8E100E19E59 /* CityWeatherApp.app */,
				D3B465AC1FFBD8E100E19E59 /* CityWeatherAppTests.xctest */,
				D3B465B71FFBD8E100E19E59 /* CityWeatherAppUITests.xctest */,
			);
			name = Products;
			sourceTree = "<group>";
		};
		D3B4659A1FFBD8E100E19E59 /* CityWeatherApp */ = {
			isa = PBXGroup;
			children = (
				D3B4659B1FFBD8E100E19E59 /* AppDelegate.swift */,
				D3B4659D1FFBD8E100E19E59 /* ViewController.swift */,
				D3B465C91FFBDA9300E19E59 /* CityTableViewCell.swift */,
				D3B465CB1FFBDB8C00E19E59 /* City.swift */,
				D3B465CD1FFBE43600E19E59 /* CitiesViewController.swift */,
				D33E9D1C1FFD105C000602EA /* ContainerViewController.swift */,
				D33E9D1E1FFD1084000602EA /* WeatherViewController.swift */,
				D3B4659F1FFBD8E100E19E59 /* Main.storyboard */,
				D3B465A21FFBD8E100E19E59 /* Assets.xcassets */,
				D3B465A41FFBD8E100E19E59 /* LaunchScreen.storyboard */,
				D3B465A71FFBD8E100E19E59 /* Info.plist */,
			);
			path = CityWeatherApp;
			sourceTree = "<group>";
		};
		D3B465AF1FFBD8E100E19E59 /* CityWeatherAppTests */ = {
			isa = PBXGroup;
			children = (
				D3B465B01FFBD8E100E19E59 /* CityWeatherAppTests.swift */,
				D3B465B21FFBD8E100E19E59 /* Info.plist */,
			);
			path = CityWeatherAppTests;
			sourceTree = "<group>";
		};
		D3B465BA1FFBD8E100E19E59 /* CityWeatherAppUITests */ = {
			isa = PBXGroup;
			children = (
				D3B465BB1FFBD8E100E19E59 /* CityWeatherAppUITests.swift */,
				D3B465BD1FFBD8E100E19E59 /* Info.plist */,
			);
			path = CityWeatherAppUITests;
			sourceTree = "<group>";
		};
/* End PBXGroup section */

/* Begin PBXNativeTarget section */
		D3B465971FFBD8E100E19E59 /* CityWeatherApp */ = {
			isa = PBXNativeTarget;
			buildConfigurationList = D3B465C01FFBD8E100E19E59 /* Build configuration list for PBXNativeTarget "CityWeatherApp" */;
			buildPhases = (
				D15BC7307567B075FFFBAFDB /* [CP] Check Pods Manifest.lock */,
				D3B465941FFBD8E100E19E59 /* Sources */,
				D3B465951FFBD8E100E19E59 /* Frameworks */,
				D3B465961FFBD8E100E19E59 /* Resources */,
				9A73A307B80B27AB3A0E0662 /* [CP] Embed Pods Frameworks */,
				FAA75473F568A57ADFD7DA9E /* [CP] Copy Pods Resources */,
			);
			buildRules = (
			);
			dependencies = (
			);
			name = CityWeatherApp;
			productName = CityWeatherApp;
			productReference = D3B465981FFBD8E100E19E59 /* CityWeatherApp.app */;
			productType = "com.apple.product-type.application";
		};
		D3B465AB1FFBD8E100E19E59 /* CityWeatherAppTests */ = {
			isa = PBXNativeTarget;
			buildConfigurationList = D3B465C31FFBD8E100E19E59 /* Build configuration list for PBXNativeTarget "CityWeatherAppTests" */;
			buildPhases = (
				705CF11C009CED56717FC5C2 /* [CP] Check Pods Manifest.lock */,
				D3B465A81FFBD8E100E19E59 /* Sources */,
				D3B465A91FFBD8E100E19E59 /* Frameworks */,
				D3B465AA1FFBD8E100E19E59 /* Resources */,
				8C8D91438DF5B14338A26AA2 /* [CP] Embed Pods Frameworks */,
				FDFD1938CDCAD6E875A9E95C /* [CP] Copy Pods Resources */,
			);
			buildRules = (
			);
			dependencies = (
				D3B465AE1FFBD8E100E19E59 /* PBXTargetDependency */,
			);
			name = CityWeatherAppTests;
			productName = CityWeatherAppTests;
			productReference = D3B465AC1FFBD8E100E19E59 /* CityWeatherAppTests.xctest */;
			productType = "com.apple.product-type.bundle.unit-test";
		};
		D3B465B61FFBD8E100E19E59 /* CityWeatherAppUITests */ = {
			isa = PBXNativeTarget;
			buildConfigurationList = D3B465C61FFBD8E100E19E59 /* Build configuration list for PBXNativeTarget "CityWeatherAppUITests" */;
			buildPhases = (
				1EC44F144D194209AAF6ADD0 /* [CP] Check Pods Manifest.lock */,
				D3B465B31FFBD8E100E19E59 /* Sources */,
				D3B465B41FFBD8E100E19E59 /* Frameworks */,
				D3B465B51FFBD8E100E19E59 /* Resources */,
				0A23D84D9BF67351F0878D2B /* [CP] Embed Pods Frameworks */,
				CD851735091481D5E603AFAC /* [CP] Copy Pods Resources */,
			);
			buildRules = (
			);
			dependencies = (
				D3B465B91FFBD8E100E19E59 /* PBXTargetDependency */,
			);
			name = CityWeatherAppUITests;
			productName = CityWeatherAppUITests;
			productReference = D3B465B71FFBD8E100E19E59 /* CityWeatherAppUITests.xctest */;
			productType = "com.apple.product-type.bundle.ui-testing";
		};
/* End PBXNativeTarget section */

/* Begin PBXProject section */
		D3B465901FFBD8E100E19E59 /* Project object */ = {
			isa = PBXProject;
			attributes = {
				LastSwiftUpdateCheck = 0910;
				LastUpgradeCheck = 0910;
				ORGANIZATIONNAME = "Marcin Kawecki";
				TargetAttributes = {
					D3B465971FFBD8E100E19E59 = {
						CreatedOnToolsVersion = 9.1;
						ProvisioningStyle = Automatic;
					};
					D3B465AB1FFBD8E100E19E59 = {
						CreatedOnToolsVersion = 9.1;
						ProvisioningStyle = Automatic;
						TestTargetID = D3B465971FFBD8E100E19E59;
					};
					D3B465B61FFBD8E100E19E59 = {
						CreatedOnToolsVersion = 9.1;
						ProvisioningStyle = Automatic;
						TestTargetID = D3B465971FFBD8E100E19E59;
					};
				};
			};
			buildConfigurationList = D3B465931FFBD8E100E19E59 /* Build configuration list for PBXProject "CityWeatherApp" */;
			compatibilityVersion = "Xcode 8.0";
			developmentRegion = en;
			hasScannedForEncodings = 0;
			knownRegions = (
				en,
				Base,
			);
			mainGroup = D3B4658F1FFBD8E100E19E59;
			productRefGroup = D3B465991FFBD8E100E19E59 /* Products */;
			projectDirPath = "";
			projectRoot = "";
			targets = (
				D3B465971FFBD8E100E19E59 /* CityWeatherApp */,
				D3B465AB1FFBD8E100E19E59 /* CityWeatherAppTests */,
				D3B465B61FFBD8E100E19E59 /* CityWeatherAppUITests */,
			);
		};
/* End PBXProject section */

/* Begin PBXResourcesBuildPhase section */
		D3B465961FFBD8E100E19E59 /* Resources */ = {
			isa = PBXResourcesBuildPhase;
			buildActionMask = 2147483647;
			files = (
				D3B465A61FFBD8E100E19E59 /* LaunchScreen.storyboard in Resources */,
				D3B465A31FFBD8E100E19E59 /* Assets.xcassets in Resources */,
				D3B465A11FFBD8E100E19E59 /* Main.storyboard in Resources */,
			);
			runOnlyForDeploymentPostprocessing = 0;
		};
		D3B465AA1FFBD8E100E19E59 /* Resources */ = {
			isa = PBXResourcesBuildPhase;
			buildActionMask = 2147483647;
			files = (
			);
			runOnlyForDeploymentPostprocessing = 0;
		};
		D3B465B51FFBD8E100E19E59 /* Resources */ = {
			isa = PBXResourcesBuildPhase;
			buildActionMask = 2147483647;
			files = (
			);
			runOnlyForDeploymentPostprocessing = 0;
		};
/* End PBXResourcesBuildPhase section */

/* Begin PBXShellScriptBuildPhase section */
		0A23D84D9BF67351F0878D2B /* [CP] Embed Pods Frameworks */ = {
			isa = PBXShellScriptBuildPhase;
			buildActionMask = 2147483647;
			files = (
			);
			inputPaths = (
			);
			name = "[CP] Embed Pods Frameworks";
			outputPaths = (
			);
			runOnlyForDeploymentPostprocessing = 0;
			shellPath = /bin/sh;
			shellScript = "\"${SRCROOT}/Pods/Target Support Files/Pods-CityWeatherAppUITests/Pods-CityWeatherAppUITests-frameworks.sh\"\n";
			showEnvVarsInLog = 0;
		};
		1EC44F144D194209AAF6ADD0 /* [CP] Check Pods Manifest.lock */ = {
			isa = PBXShellScriptBuildPhase;
			buildActionMask = 2147483647;
			files = (
			);
			inputPaths = (
				"${PODS_PODFILE_DIR_PATH}/Podfile.lock",
				"${PODS_ROOT}/Manifest.lock",
			);
			name = "[CP] Check Pods Manifest.lock";
			outputPaths = (
				"$(DERIVED_FILE_DIR)/Pods-CityWeatherAppUITests-checkManifestLockResult.txt",
			);
			runOnlyForDeploymentPostprocessing = 0;
			shellPath = /bin/sh;
			shellScript = "diff \"${PODS_PODFILE_DIR_PATH}/Podfile.lock\" \"${PODS_ROOT}/Manifest.lock\" > /dev/null\nif [ $? != 0 ] ; then\n    # print error to STDERR\n    echo \"error: The sandbox is not in sync with the Podfile.lock. Run 'pod install' or update your CocoaPods installation.\" >&2\n    exit 1\nfi\n# This output is used by Xcode 'outputs' to avoid re-running this script phase.\necho \"SUCCESS\" > \"${SCRIPT_OUTPUT_FILE_0}\"\n";
			showEnvVarsInLog = 0;
		};
		705CF11C009CED56717FC5C2 /* [CP] Check Pods Manifest.lock */ = {
			isa = PBXShellScriptBuildPhase;
			buildActionMask = 2147483647;
			files = (
			);
			inputPaths = (
				"${PODS_PODFILE_DIR_PATH}/Podfile.lock",
				"${PODS_ROOT}/Manifest.lock",
			);
			name = "[CP] Check Pods Manifest.lock";
			outputPaths = (
				"$(DERIVED_FILE_DIR)/Pods-CityWeatherAppTests-checkManifestLockResult.txt",
			);
			runOnlyForDeploymentPostprocessing = 0;
			shellPath = /bin/sh;
			shellScript = "diff \"${PODS_PODFILE_DIR_PATH}/Podfile.lock\" \"${PODS_ROOT}/Manifest.lock\" > /dev/null\nif [ $? != 0 ] ; then\n    # print error to STDERR\n    echo \"error: The sandbox is not in sync with the Podfile.lock. Run 'pod install' or update your CocoaPods installation.\" >&2\n    exit 1\nfi\n# This output is used by Xcode 'outputs' to avoid re-running this script phase.\necho \"SUCCESS\" > \"${SCRIPT_OUTPUT_FILE_0}\"\n";
			showEnvVarsInLog = 0;
		};
		8C8D91438DF5B14338A26AA2 /* [CP] Embed Pods Frameworks */ = {
			isa = PBXShellScriptBuildPhase;
			buildActionMask = 2147483647;
			files = (
			);
			inputPaths = (
			);
			name = "[CP] Embed Pods Frameworks";
			outputPaths = (
			);
			runOnlyForDeploymentPostprocessing = 0;
			shellPath = /bin/sh;
			shellScript = "\"${SRCROOT}/Pods/Target Support Files/Pods-CityWeatherAppTests/Pods-CityWeatherAppTests-frameworks.sh\"\n";
			showEnvVarsInLog = 0;
		};
		9A73A307B80B27AB3A0E0662 /* [CP] Embed Pods Frameworks */ = {
			isa = PBXShellScriptBuildPhase;
			buildActionMask = 2147483647;
			files = (
			);
			inputPaths = (
				"${SRCROOT}/Pods/Target Support Files/Pods-CityWeatherApp/Pods-CityWeatherApp-frameworks.sh",
				"${BUILT_PRODUCTS_DIR}/Alamofire/Alamofire.framework",
				"${BUILT_PRODUCTS_DIR}/SwiftyJSON/SwiftyJSON.framework",
			);
			name = "[CP] Embed Pods Frameworks";
			outputPaths = (
				"${TARGET_BUILD_DIR}/${FRAMEWORKS_FOLDER_PATH}/Alamofire.framework",
				"${TARGET_BUILD_DIR}/${FRAMEWORKS_FOLDER_PATH}/SwiftyJSON.framework",
			);
			runOnlyForDeploymentPostprocessing = 0;
			shellPath = /bin/sh;
			shellScript = "\"${SRCROOT}/Pods/Target Support Files/Pods-CityWeatherApp/Pods-CityWeatherApp-frameworks.sh\"\n";
			showEnvVarsInLog = 0;
		};
		CD851735091481D5E603AFAC /* [CP] Copy Pods Resources */ = {
			isa = PBXShellScriptBuildPhase;
			buildActionMask = 2147483647;
			files = (
			);
			inputPaths = (
			);
			name = "[CP] Copy Pods Resources";
			outputPaths = (
			);
			runOnlyForDeploymentPostprocessing = 0;
			shellPath = /bin/sh;
			shellScript = "\"${SRCROOT}/Pods/Target Support Files/Pods-CityWeatherAppUITests/Pods-CityWeatherAppUITests-resources.sh\"\n";
			showEnvVarsInLog = 0;
		};
		D15BC7307567B075FFFBAFDB /* [CP] Check Pods Manifest.lock */ = {
			isa = PBXShellScriptBuildPhase;
			buildActionMask = 2147483647;
			files = (
			);
			inputPaths = (
				"${PODS_PODFILE_DIR_PATH}/Podfile.lock",
				"${PODS_ROOT}/Manifest.lock",
			);
			name = "[CP] Check Pods Manifest.lock";
			outputPaths = (
				"$(DERIVED_FILE_DIR)/Pods-CityWeatherApp-checkManifestLockResult.txt",
			);
			runOnlyForDeploymentPostprocessing = 0;
			shellPath = /bin/sh;
			shellScript = "diff \"${PODS_PODFILE_DIR_PATH}/Podfile.lock\" \"${PODS_ROOT}/Manifest.lock\" > /dev/null\nif [ $? != 0 ] ; then\n    # print error to STDERR\n    echo \"error: The sandbox is not in sync with the Podfile.lock. Run 'pod install' or update your CocoaPods installation.\" >&2\n    exit 1\nfi\n# This output is used by Xcode 'outputs' to avoid re-running this script phase.\necho \"SUCCESS\" > \"${SCRIPT_OUTPUT_FILE_0}\"\n";
			showEnvVarsInLog = 0;
		};
		FAA75473F568A57ADFD7DA9E /* [CP] Copy Pods Resources */ = {
			isa = PBXShellScriptBuildPhase;
			buildActionMask = 2147483647;
			files = (
			);
			inputPaths = (
			);
			name = "[CP] Copy Pods Resources";
			outputPaths = (
			);
			runOnlyForDeploymentPostprocessing = 0;
			shellPath = /bin/sh;
			shellScript = "\"${SRCROOT}/Pods/Target Support Files/Pods-CityWeatherApp/Pods-CityWeatherApp-resources.sh\"\n";
			showEnvVarsInLog = 0;
		};
		FDFD1938CDCAD6E875A9E95C /* [CP] Copy Pods Resources */ = {
			isa = PBXShellScriptBuildPhase;
			buildActionMask = 2147483647;
			files = (
			);
			inputPaths = (
			);
			name = "[CP] Copy Pods Resources";
			outputPaths = (
			);
			runOnlyForDeploymentPostprocessing = 0;
			shellPath = /bin/sh;
			shellScript = "\"${SRCROOT}/Pods/Target Support Files/Pods-CityWeatherAppTests/Pods-CityWeatherAppTests-resources.sh\"\n";
			showEnvVarsInLog = 0;
		};
/* End PBXShellScriptBuildPhase section */

/* Begin PBXSourcesBuildPhase section */
		D3B465941FFBD8E100E19E59 /* Sources */ = {
			isa = PBXSourcesBuildPhase;
			buildActionMask = 2147483647;
			files = (
				D3B465CA1FFBDA9300E19E59 /* CityTableViewCell.swift in Sources */,
				D3B465CE1FFBE43600E19E59 /* CitiesViewController.swift in Sources */,
				D3B4659E1FFBD8E100E19E59 /* ViewController.swift in Sources */,
				D3B465CC1FFBDB8C00E19E59 /* City.swift in Sources */,
				D33E9D1F1FFD1084000602EA /* WeatherViewController.swift in Sources */,
				D33E9D1D1FFD105C000602EA /* ContainerViewController.swift in Sources */,
				D3B4659C1FFBD8E100E19E59 /* AppDelegate.swift in Sources */,
			);
			runOnlyForDeploymentPostprocessing = 0;
		};
		D3B465A81FFBD8E100E19E59 /* Sources */ = {
			isa = PBXSourcesBuildPhase;
			buildActionMask = 2147483647;
			files = (
				D3B465B11FFBD8E100E19E59 /* CityWeatherAppTests.swift in Sources */,
			);
			runOnlyForDeploymentPostprocessing = 0;
		};
		D3B465B31FFBD8E100E19E59 /* Sources */ = {
			isa = PBXSourcesBuildPhase;
			buildActionMask = 2147483647;
			files = (
				D3B465BC1FFBD8E100E19E59 /* CityWeatherAppUITests.swift in Sources */,
			);
			runOnlyForDeploymentPostprocessing = 0;
		};
/* End PBXSourcesBuildPhase section */

/* Begin PBXTargetDependency section */
		D3B465AE1FFBD8E100E19E59 /* PBXTargetDependency */ = {
			isa = PBXTargetDependency;
			target = D3B465971FFBD8E100E19E59 /* CityWeatherApp */;
			targetProxy = D3B465AD1FFBD8E100E19E59 /* PBXContainerItemProxy */;
		};
		D3B465B91FFBD8E100E19E59 /* PBXTargetDependency */ = {
			isa = PBXTargetDependency;
			target = D3B465971FFBD8E100E19E59 /* CityWeatherApp */;
			targetProxy = D3B465B81FFBD8E100E19E59 /* PBXContainerItemProxy */;
		};
/* End PBXTargetDependency section */

/* Begin PBXVariantGroup section */
		D3B4659F1FFBD8E100E19E59 /* Main.storyboard */ = {
			isa = PBXVariantGroup;
			children = (
				D3B465A01FFBD8E100E19E59 /* Base */,
			);
			name = Main.storyboard;
			sourceTree = "<group>";
		};
		D3B465A41FFBD8E100E19E59 /* LaunchScreen.storyboard */ = {
			isa = PBXVariantGroup;
			children = (
				D3B465A51FFBD8E100E19E59 /* Base */,
			);
			name = LaunchScreen.storyboard;
			sourceTree = "<group>";
		};
/* End PBXVariantGroup section */

/* Begin XCBuildConfiguration section */
		D3B465BE1FFBD8E100E19E59 /* Debug */ = {
			isa = XCBuildConfiguration;
			buildSettings = {
				ALWAYS_SEARCH_USER_PATHS = NO;
				CLANG_ANALYZER_NONNULL = YES;
				CLANG_ANALYZER_NUMBER_OBJECT_CONVERSION = YES_AGGRESSIVE;
				CLANG_CXX_LANGUAGE_STANDARD = "gnu++14";
				CLANG_CXX_LIBRARY = "libc++";
				CLANG_ENABLE_MODULES = YES;
				CLANG_ENABLE_OBJC_ARC = YES;
				CLANG_WARN_BLOCK_CAPTURE_AUTORELEASING = YES;
				CLANG_WARN_BOOL_CONVERSION = YES;
				CLANG_WARN_COMMA = YES;
				CLANG_WARN_CONSTANT_CONVERSION = YES;
				CLANG_WARN_DIRECT_OBJC_ISA_USAGE = YES_ERROR;
				CLANG_WARN_DOCUMENTATION_COMMENTS = YES;
				CLANG_WARN_EMPTY_BODY = YES;
				CLANG_WARN_ENUM_CONVERSION = YES;
				CLANG_WARN_INFINITE_RECURSION = YES;
				CLANG_WARN_INT_CONVERSION = YES;
				CLANG_WARN_NON_LITERAL_NULL_CONVERSION = YES;
				CLANG_WARN_OBJC_LITERAL_CONVERSION = YES;
				CLANG_WARN_OBJC_ROOT_CLASS = YES_ERROR;
				CLANG_WARN_RANGE_LOOP_ANALYSIS = YES;
				CLANG_WARN_STRICT_PROTOTYPES = YES;
				CLANG_WARN_SUSPICIOUS_MOVE = YES;
				CLANG_WARN_UNGUARDED_AVAILABILITY = YES_AGGRESSIVE;
				CLANG_WARN_UNREACHABLE_CODE = YES;
				CLANG_WARN__DUPLICATE_METHOD_MATCH = YES;
				CODE_SIGN_IDENTITY = "iPhone Developer";
				COPY_PHASE_STRIP = NO;
				DEBUG_INFORMATION_FORMAT = dwarf;
				ENABLE_STRICT_OBJC_MSGSEND = YES;
				ENABLE_TESTABILITY = YES;
				GCC_C_LANGUAGE_STANDARD = gnu11;
				GCC_DYNAMIC_NO_PIC = NO;
				GCC_NO_COMMON_BLOCKS = YES;
				GCC_OPTIMIZATION_LEVEL = 0;
				GCC_PREPROCESSOR_DEFINITIONS = (
					"DEBUG=1",
					"$(inherited)",
				);
				GCC_WARN_64_TO_32_BIT_CONVERSION = YES;
				GCC_WARN_ABOUT_RETURN_TYPE = YES_ERROR;
				GCC_WARN_UNDECLARED_SELECTOR = YES;
				GCC_WARN_UNINITIALIZED_AUTOS = YES_AGGRESSIVE;
				GCC_WARN_UNUSED_FUNCTION = YES;
				GCC_WARN_UNUSED_VARIABLE = YES;
				IPHONEOS_DEPLOYMENT_TARGET = 11.1;
				MTL_ENABLE_DEBUG_INFO = YES;
				ONLY_ACTIVE_ARCH = YES;
				SDKROOT = iphoneos;
				SWIFT_ACTIVE_COMPILATION_CONDITIONS = DEBUG;
				SWIFT_OPTIMIZATION_LEVEL = "-Onone";
			};
			name = Debug;
		};
		D3B465BF1FFBD8E100E19E59 /* Release */ = {
			isa = XCBuildConfiguration;
			buildSettings = {
				ALWAYS_SEARCH_USER_PATHS = NO;
				CLANG_ANALYZER_NONNULL = YES;
				CLANG_ANALYZER_NUMBER_OBJECT_CONVERSION = YES_AGGRESSIVE;
				CLANG_CXX_LANGUAGE_STANDARD = "gnu++14";
				CLANG_CXX_LIBRARY = "libc++";
				CLANG_ENABLE_MODULES = YES;
				CLANG_ENABLE_OBJC_ARC = YES;
				CLANG_WARN_BLOCK_CAPTURE_AUTORELEASING = YES;
				CLANG_WARN_BOOL_CONVERSION = YES;
				CLANG_WARN_COMMA = YES;
				CLANG_WARN_CONSTANT_CONVERSION = YES;
				CLANG_WARN_DIRECT_OBJC_ISA_USAGE = YES_ERROR;
				CLANG_WARN_DOCUMENTATION_COMMENTS = YES;
				CLANG_WARN_EMPTY_BODY = YES;
				CLANG_WARN_ENUM_CONVERSION = YES;
				CLANG_WARN_INFINITE_RECURSION = YES;
				CLANG_WARN_INT_CONVERSION = YES;
				CLANG_WARN_NON_LITERAL_NULL_CONVERSION = YES;
				CLANG_WARN_OBJC_LITERAL_CONVERSION = YES;
				CLANG_WARN_OBJC_ROOT_CLASS = YES_ERROR;
				CLANG_WARN_RANGE_LOOP_ANALYSIS = YES;
				CLANG_WARN_STRICT_PROTOTYPES = YES;
				CLANG_WARN_SUSPICIOUS_MOVE = YES;
				CLANG_WARN_UNGUARDED_AVAILABILITY = YES_AGGRESSIVE;
				CLANG_WARN_UNREACHABLE_CODE = YES;
				CLANG_WARN__DUPLICATE_METHOD_MATCH = YES;
				CODE_SIGN_IDENTITY = "iPhone Developer";
				COPY_PHASE_STRIP = NO;
				DEBUG_INFORMATION_FORMAT = "dwarf-with-dsym";
				ENABLE_NS_ASSERTIONS = NO;
				ENABLE_STRICT_OBJC_MSGSEND = YES;
				GCC_C_LANGUAGE_STANDARD = gnu11;
				GCC_NO_COMMON_BLOCKS = YES;
				GCC_WARN_64_TO_32_BIT_CONVERSION = YES;
				GCC_WARN_ABOUT_RETURN_TYPE = YES_ERROR;
				GCC_WARN_UNDECLARED_SELECTOR = YES;
				GCC_WARN_UNINITIALIZED_AUTOS = YES_AGGRESSIVE;
				GCC_WARN_UNUSED_FUNCTION = YES;
				GCC_WARN_UNUSED_VARIABLE = YES;
				IPHONEOS_DEPLOYMENT_TARGET = 11.1;
				MTL_ENABLE_DEBUG_INFO = NO;
				SDKROOT = iphoneos;
				SWIFT_OPTIMIZATION_LEVEL = "-Owholemodule";
				VALIDATE_PRODUCT = YES;
			};
			name = Release;
		};
		D3B465C11FFBD8E100E19E59 /* Debug */ = {
			isa = XCBuildConfiguration;
			baseConfigurationReference = 9427D7AC33B90B5FE6D93DF4 /* Pods-CityWeatherApp.debug.xcconfig */;
			buildSettings = {
				ASSETCATALOG_COMPILER_APPICON_NAME = AppIcon;
				CODE_SIGN_STYLE = Automatic;
				INFOPLIST_FILE = CityWeatherApp/Info.plist;
				IPHONEOS_DEPLOYMENT_TARGET = 10.0;
				LD_RUNPATH_SEARCH_PATHS = "$(inherited) @executable_path/Frameworks";
				PRODUCT_BUNDLE_IDENTIFIER = com.lostnfound.CityWeatherApp;
				PRODUCT_NAME = "$(TARGET_NAME)";
				SWIFT_VERSION = 4.0;
				TARGETED_DEVICE_FAMILY = "1,2";
			};
			name = Debug;
		};
		D3B465C21FFBD8E100E19E59 /* Release */ = {
			isa = XCBuildConfiguration;
			baseConfigurationReference = C9D278734C40924806E4E0EB /* Pods-CityWeatherApp.release.xcconfig */;
			buildSettings = {
				ASSETCATALOG_COMPILER_APPICON_NAME = AppIcon;
				CODE_SIGN_STYLE = Automatic;
				INFOPLIST_FILE = CityWeatherApp/Info.plist;
				IPHONEOS_DEPLOYMENT_TARGET = 10.0;
				LD_RUNPATH_SEARCH_PATHS = "$(inherited) @executable_path/Frameworks";
				PRODUCT_BUNDLE_IDENTIFIER = com.lostnfound.CityWeatherApp;
				PRODUCT_NAME = "$(TARGET_NAME)";
				SWIFT_VERSION = 4.0;
				TARGETED_DEVICE_FAMILY = "1,2";
			};
			name = Release;
		};
		D3B465C41FFBD8E100E19E59 /* Debug */ = {
			isa = XCBuildConfiguration;
			baseConfigurationReference = 1B604F989524E9393B1E396E /* Pods-CityWeatherAppTests.debug.xcconfig */;
			buildSettings = {
				ALWAYS_EMBED_SWIFT_STANDARD_LIBRARIES = YES;
				BUNDLE_LOADER = "$(TEST_HOST)";
				CODE_SIGN_STYLE = Automatic;
				INFOPLIST_FILE = CityWeatherAppTests/Info.plist;
				LD_RUNPATH_SEARCH_PATHS = "$(inherited) @executable_path/Frameworks @loader_path/Frameworks";
				PRODUCT_BUNDLE_IDENTIFIER = com.lostnfound.CityWeatherAppTests;
				PRODUCT_NAME = "$(TARGET_NAME)";
				SWIFT_VERSION = 4.0;
				TARGETED_DEVICE_FAMILY = "1,2";
				TEST_HOST = "$(BUILT_PRODUCTS_DIR)/CityWeatherApp.app/CityWeatherApp";
			};
			name = Debug;
		};
		D3B465C51FFBD8E100E19E59 /* Release */ = {
			isa = XCBuildConfiguration;
			baseConfigurationReference = 415399433A696E4D4D0A78AF /* Pods-CityWeatherAppTests.release.xcconfig */;
			buildSettings = {
				ALWAYS_EMBED_SWIFT_STANDARD_LIBRARIES = YES;
				BUNDLE_LOADER = "$(TEST_HOST)";
				CODE_SIGN_STYLE = Automatic;
				INFOPLIST_FILE = CityWeatherAppTests/Info.plist;
				LD_RUNPATH_SEARCH_PATHS = "$(inherited) @executable_path/Frameworks @loader_path/Frameworks";
				PRODUCT_BUNDLE_IDENTIFIER = com.lostnfound.CityWeatherAppTests;
				PRODUCT_NAME = "$(TARGET_NAME)";
				SWIFT_VERSION = 4.0;
				TARGETED_DEVICE_FAMILY = "1,2";
				TEST_HOST = "$(BUILT_PRODUCTS_DIR)/CityWeatherApp.app/CityWeatherApp";
			};
			name = Release;
		};
		D3B465C71FFBD8E100E19E59 /* Debug */ = {
			isa = XCBuildConfiguration;
			baseConfigurationReference = B030543123C0593E0843BE8A /* Pods-CityWeatherAppUITests.debug.xcconfig */;
			buildSettings = {
				ALWAYS_EMBED_SWIFT_STANDARD_LIBRARIES = YES;
				CODE_SIGN_STYLE = Automatic;
				INFOPLIST_FILE = CityWeatherAppUITests/Info.plist;
				LD_RUNPATH_SEARCH_PATHS = "$(inherited) @executable_path/Frameworks @loader_path/Frameworks";
				PRODUCT_BUNDLE_IDENTIFIER = com.lostnfound.CityWeatherAppUITests;
				PRODUCT_NAME = "$(TARGET_NAME)";
				SWIFT_VERSION = 4.0;
				TARGETED_DEVICE_FAMILY = "1,2";
				TEST_TARGET_NAME = CityWeatherApp;
			};
			name = Debug;
		};
		D3B465C81FFBD8E100E19E59 /* Release */ = {
			isa = XCBuildConfiguration;
			baseConfigurationReference = 1B5A4BCE6EB8FDC573F2D82F /* Pods-CityWeatherAppUITests.release.xcconfig */;
			buildSettings = {
				ALWAYS_EMBED_SWIFT_STANDARD_LIBRARIES = YES;
				CODE_SIGN_STYLE = Automatic;
				INFOPLIST_FILE = CityWeatherAppUITests/Info.plist;
				LD_RUNPATH_SEARCH_PATHS = "$(inherited) @executable_path/Frameworks @loader_path/Frameworks";
				PRODUCT_BUNDLE_IDENTIFIER = com.lostnfound.CityWeatherAppUITests;
				PRODUCT_NAME = "$(TARGET_NAME)";
				SWIFT_VERSION = 4.0;
				TARGETED_DEVICE_FAMILY = "1,2";
				TEST_TARGET_NAME = CityWeatherApp;
			};
			name = Release;
		};
/* End XCBuildConfiguration section */

/* Begin XCConfigurationList section */
		D3B465931FFBD8E100E19E59 /* Build configuration list for PBXProject "CityWeatherApp" */ = {
			isa = XCConfigurationList;
			buildConfigurations = (
				D3B465BE1FFBD8E100E19E59 /* Debug */,
				D3B465BF1FFBD8E100E19E59 /* Release */,
			);
			defaultConfigurationIsVisible = 0;
			defaultConfigurationName = Release;
		};
		D3B465C01FFBD8E100E19E59 /* Build configuration list for PBXNativeTarget "CityWeatherApp" */ = {
			isa = XCConfigurationList;
			buildConfigurations = (
				D3B465C11FFBD8E100E19E59 /* Debug */,
				D3B465C21FFBD8E100E19E59 /* Release */,
			);
			defaultConfigurationIsVisible = 0;
			defaultConfigurationName = Release;
		};
		D3B465C31FFBD8E100E19E59 /* Build configuration list for PBXNativeTarget "CityWeatherAppTests" */ = {
			isa = XCConfigurationList;
			buildConfigurations = (
				D3B465C41FFBD8E100E19E59 /* Debug */,
				D3B465C51FFBD8E100E19E59 /* Release */,
			);
			defaultConfigurationIsVisible = 0;
			defaultConfigurationName = Release;
		};
		D3B465C61FFBD8E100E19E59 /* Build configuration list for PBXNativeTarget "CityWeatherAppUITests" */ = {
			isa = XCConfigurationList;
			buildConfigurations = (
				D3B465C71FFBD8E100E19E59 /* Debug */,
				D3B465C81FFBD8E100E19E59 /* Release */,
			);
			defaultConfigurationIsVisible = 0;
			defaultConfigurationName = Release;
		};
/* End XCConfigurationList section */
	};
	rootObject = D3B465901FFBD8E100E19E59 /* Project object */;
}
